
Microsoft Visual Studio Solution File, Format Version 12.00
# Visual Studio Version 17
VisualStudioVersion = 17.2.32630.192
MinimumVisualStudioVersion = 10.0.40219.1
Project("{FAE04EC0-301F-11D3-BF4B-00C04F79EFBC}") = "RestaurantsApi", "RestaurantsApi\RestaurantsApi.csproj", "{86500EB1-60C7-4B98-9980-159655AC64C9}"
EndProject
Global
	GlobalSection(SolutionConfigurationPlatforms) = preSolution
		Debug|Any CPU = Debug|Any CPU
		Release|Any CPU = Release|Any CPU
	EndGlobalSection
	GlobalSection(ProjectConfigurationPlatforms) = postSolution
		{86500EB1-60C7-4B98-9980-159655AC64C9}.Debug|Any CPU.ActiveCfg = Debug|Any CPU
		{86500EB1-60C7-4B98-9980-159655AC64C9}.Debug|Any CPU.Build.0 = Debug|Any CPU
		{86500EB1-60C7-4B98-9980-159655AC64C9}.Release|Any CPU.ActiveCfg = Release|Any CPU
		{86500EB1-60C7-4B98-9980-159655AC64C9}.Release|Any CPU.Build.0 = Release|Any CPU
	EndGlobalSection
	GlobalSection(SolutionProperties) = preSolution
		HideSolutionNode = FALSE
	EndGlobalSection
	GlobalSection(ExtensibilityGlobals) = postSolution
		SolutionGuid = {5A4D52C3-D247-4984-BA1B-10FD4C343BAA}
	EndGlobalSection
EndGlobal
